
Microsoft Visual Studio Solution File, Format Version 12.00
# Visual Studio 15
VisualStudioVersion = 15.0.26730.10
MinimumVisualStudioVersion = 10.0.40219.1

Project("{6EC3EE1D-3C4E-46DD-8F32-0CC8E7565705}") = "GameOfLife", "GameOfLife\GameOfLife.fsproj", "{EF0D74B3-DB8A-4C12-A63E-3B6AAD6789FB}"
EndProject

Project("{F2A71F9B-5D33-465A-A702-920D77279786}") = "GameOfLife.Android", "GameOfLife.Android\GameOfLife.Android.fsproj", "{B76EB5A7-7A64-4ED4-AE27-3E7E557506BC}"
EndProject


Project("{F2A71F9B-5D33-465A-A702-920D77279786}") = "GameOfLife.iOS", "GameOfLife.iOS\GameOfLife.iOS.fsproj", "{13DCB4CB-84E0-466C-8409-2E6CCACBE49B}"
EndProject




Global
	GlobalSection(SolutionConfigurationPlatforms) = preSolution
		Ad-Hoc|Any CPU = Ad-Hoc|Any CPU
		Ad-Hoc|ARM = Ad-Hoc|ARM
		Ad-Hoc|iPhone = Ad-Hoc|iPhone
		Ad-Hoc|iPhoneSimulator = Ad-Hoc|iPhoneSimulator
		Ad-Hoc|x64 = Ad-Hoc|x64
		Ad-Hoc|x86 = Ad-Hoc|x86
		AppStore|Any CPU = AppStore|Any CPU
		AppStore|ARM = AppStore|ARM
		AppStore|iPhone = AppStore|iPhone
		AppStore|iPhoneSimulator = AppStore|iPhoneSimulator
		AppStore|x64 = AppStore|x64
		AppStore|x86 = AppStore|x86
		Debug|Any CPU = Debug|Any CPU
		Debug|ARM = Debug|ARM
		Debug|iPhone = Debug|iPhone
		Debug|iPhoneSimulator = Debug|iPhoneSimulator
		Debug|x64 = Debug|x64
		Debug|x86 = Debug|x86
		Release|Any CPU = Release|Any CPU
		Release|ARM = Release|ARM
		Release|iPhone = Release|iPhone
		Release|iPhoneSimulator = Release|iPhoneSimulator
		Release|x64 = Release|x64
		Release|x86 = Release|x86
	EndGlobalSection
	GlobalSection(ProjectConfigurationPlatforms) = postSolution
		{EF0D74B3-DB8A-4C12-A63E-3B6AAD6789FB}.Ad-Hoc|Any CPU.ActiveCfg = Debug|Any CPU
		{EF0D74B3-DB8A-4C12-A63E-3B6AAD6789FB}.Ad-Hoc|Any CPU.Build.0 = Debug|Any CPU
		{EF0D74B3-DB8A-4C12-A63E-3B6AAD6789FB}.Ad-Hoc|ARM.ActiveCfg = Debug|Any CPU
		{EF0D74B3-DB8A-4C12-A63E-3B6AAD6789FB}.Ad-Hoc|ARM.Build.0 = Debug|Any CPU
		{EF0D74B3-DB8A-4C12-A63E-3B6AAD6789FB}.Ad-Hoc|iPhone.ActiveCfg = Debug|Any CPU
		{EF0D74B3-DB8A-4C12-A63E-3B6AAD6789FB}.Ad-Hoc|iPhone.Build.0 = Debug|Any CPU
		{EF0D74B3-DB8A-4C12-A63E-3B6AAD6789FB}.Ad-Hoc|iPhoneSimulator.ActiveCfg = Debug|Any CPU
		{EF0D74B3-DB8A-4C12-A63E-3B6AAD6789FB}.Ad-Hoc|iPhoneSimulator.Build.0 = Debug|Any CPU
		{EF0D74B3-DB8A-4C12-A63E-3B6AAD6789FB}.Ad-Hoc|x64.ActiveCfg = Debug|Any CPU
		{EF0D74B3-DB8A-4C12-A63E-3B6AAD6789FB}.Ad-Hoc|x64.Build.0 = Debug|Any CPU
		{EF0D74B3-DB8A-4C12-A63E-3B6AAD6789FB}.Ad-Hoc|x86.ActiveCfg = Debug|Any CPU
		{EF0D74B3-DB8A-4C12-A63E-3B6AAD6789FB}.Ad-Hoc|x86.Build.0 = Debug|Any CPU
		{EF0D74B3-DB8A-4C12-A63E-3B6AAD6789FB}.AppStore|Any CPU.ActiveCfg = Debug|Any CPU
		{EF0D74B3-DB8A-4C12-A63E-3B6AAD6789FB}.AppStore|Any CPU.Build.0 = Debug|Any CPU
		{EF0D74B3-DB8A-4C12-A63E-3B6AAD6789FB}.AppStore|ARM.ActiveCfg = Debug|Any CPU
		{EF0D74B3-DB8A-4C12-A63E-3B6AAD6789FB}.AppStore|ARM.Build.0 = Debug|Any CPU
		{EF0D74B3-DB8A-4C12-A63E-3B6AAD6789FB}.AppStore|iPhone.ActiveCfg = Debug|Any CPU
		{EF0D74B3-DB8A-4C12-A63E-3B6AAD6789FB}.AppStore|iPhone.Build.0 = Debug|Any CPU
		{EF0D74B3-DB8A-4C12-A63E-3B6AAD6789FB}.AppStore|iPhoneSimulator.ActiveCfg = Debug|Any CPU
		{EF0D74B3-DB8A-4C12-A63E-3B6AAD6789FB}.AppStore|iPhoneSimulator.Build.0 = Debug|Any CPU
		{EF0D74B3-DB8A-4C12-A63E-3B6AAD6789FB}.AppStore|x64.ActiveCfg = Debug|Any CPU
		{EF0D74B3-DB8A-4C12-A63E-3B6AAD6789FB}.AppStore|x64.Build.0 = Debug|Any CPU
		{EF0D74B3-DB8A-4C12-A63E-3B6AAD6789FB}.AppStore|x86.ActiveCfg = Debug|Any CPU
		{EF0D74B3-DB8A-4C12-A63E-3B6AAD6789FB}.AppStore|x86.Build.0 = Debug|Any CPU
		{EF0D74B3-DB8A-4C12-A63E-3B6AAD6789FB}.Debug|Any CPU.ActiveCfg = Debug|Any CPU
		{EF0D74B3-DB8A-4C12-A63E-3B6AAD6789FB}.Debug|Any CPU.Build.0 = Debug|Any CPU
		{EF0D74B3-DB8A-4C12-A63E-3B6AAD6789FB}.Debug|ARM.ActiveCfg = Debug|Any CPU
		{EF0D74B3-DB8A-4C12-A63E-3B6AAD6789FB}.Debug|ARM.Build.0 = Debug|Any CPU
		{EF0D74B3-DB8A-4C12-A63E-3B6AAD6789FB}.Debug|iPhone.ActiveCfg = Debug|Any CPU
		{EF0D74B3-DB8A-4C12-A63E-3B6AAD6789FB}.Debug|iPhone.Build.0 = Debug|Any CPU
		{EF0D74B3-DB8A-4C12-A63E-3B6AAD6789FB}.Debug|iPhoneSimulator.ActiveCfg = Debug|Any CPU
		{EF0D74B3-DB8A-4C12-A63E-3B6AAD6789FB}.Debug|iPhoneSimulator.Build.0 = Debug|Any CPU
		{EF0D74B3-DB8A-4C12-A63E-3B6AAD6789FB}.Debug|x64.ActiveCfg = Debug|Any CPU
		{EF0D74B3-DB8A-4C12-A63E-3B6AAD6789FB}.Debug|x64.Build.0 = Debug|Any CPU
		{EF0D74B3-DB8A-4C12-A63E-3B6AAD6789FB}.Debug|x86.ActiveCfg = Debug|Any CPU
		{EF0D74B3-DB8A-4C12-A63E-3B6AAD6789FB}.Debug|x86.Build.0 = Debug|Any CPU
		{EF0D74B3-DB8A-4C12-A63E-3B6AAD6789FB}.Release|Any CPU.ActiveCfg = Release|Any CPU
		{EF0D74B3-DB8A-4C12-A63E-3B6AAD6789FB}.Release|Any CPU.Build.0 = Release|Any CPU
		{EF0D74B3-DB8A-4C12-A63E-3B6AAD6789FB}.Release|ARM.ActiveCfg = Release|Any CPU
		{EF0D74B3-DB8A-4C12-A63E-3B6AAD6789FB}.Release|ARM.Build.0 = Release|Any CPU
		{EF0D74B3-DB8A-4C12-A63E-3B6AAD6789FB}.Release|iPhone.ActiveCfg = Release|Any CPU
		{EF0D74B3-DB8A-4C12-A63E-3B6AAD6789FB}.Release|iPhone.Build.0 = Release|Any CPU
		{EF0D74B3-DB8A-4C12-A63E-3B6AAD6789FB}.Release|iPhoneSimulator.ActiveCfg = Release|Any CPU
		{EF0D74B3-DB8A-4C12-A63E-3B6AAD6789FB}.Release|iPhoneSimulator.Build.0 = Release|Any CPU
		{EF0D74B3-DB8A-4C12-A63E-3B6AAD6789FB}.Release|x64.ActiveCfg = Release|Any CPU
		{EF0D74B3-DB8A-4C12-A63E-3B6AAD6789FB}.Release|x64.Build.0 = Release|Any CPU
		{EF0D74B3-DB8A-4C12-A63E-3B6AAD6789FB}.Release|x86.ActiveCfg = Release|Any CPU
		{EF0D74B3-DB8A-4C12-A63E-3B6AAD6789FB}.Release|x86.Build.0 = Release|Any CPU
		{13DCB4CB-84E0-466C-8409-2E6CCACBE49B}.Ad-Hoc|Any CPU.ActiveCfg = Ad-Hoc|iPhone
		{13DCB4CB-84E0-466C-8409-2E6CCACBE49B}.Ad-Hoc|ARM.ActiveCfg = Ad-Hoc|iPhone
		{13DCB4CB-84E0-466C-8409-2E6CCACBE49B}.Ad-Hoc|iPhone.ActiveCfg = Ad-Hoc|iPhone
		{13DCB4CB-84E0-466C-8409-2E6CCACBE49B}.Ad-Hoc|iPhone.Build.0 = Ad-Hoc|iPhone
		{13DCB4CB-84E0-466C-8409-2E6CCACBE49B}.Ad-Hoc|iPhoneSimulator.ActiveCfg = Ad-Hoc|iPhoneSimulator
		{13DCB4CB-84E0-466C-8409-2E6CCACBE49B}.Ad-Hoc|iPhoneSimulator.Build.0 = Ad-Hoc|iPhoneSimulator
		{13DCB4CB-84E0-466C-8409-2E6CCACBE49B}.Ad-Hoc|x64.ActiveCfg = Ad-Hoc|iPhone
		{13DCB4CB-84E0-466C-8409-2E6CCACBE49B}.Ad-Hoc|x86.ActiveCfg = Ad-Hoc|iPhone
		{13DCB4CB-84E0-466C-8409-2E6CCACBE49B}.AppStore|Any CPU.ActiveCfg = AppStore|iPhone
		{13DCB4CB-84E0-466C-8409-2E6CCACBE49B}.AppStore|ARM.ActiveCfg = AppStore|iPhone
		{13DCB4CB-84E0-466C-8409-2E6CCACBE49B}.AppStore|iPhone.ActiveCfg = AppStore|iPhone
		{13DCB4CB-84E0-466C-8409-2E6CCACBE49B}.AppStore|iPhone.Build.0 = AppStore|iPhone
		{13DCB4CB-84E0-466C-8409-2E6CCACBE49B}.AppStore|iPhoneSimulator.ActiveCfg = AppStore|iPhoneSimulator
		{13DCB4CB-84E0-466C-8409-2E6CCACBE49B}.AppStore|iPhoneSimulator.Build.0 = AppStore|iPhoneSimulator
		{13DCB4CB-84E0-466C-8409-2E6CCACBE49B}.AppStore|x64.ActiveCfg = AppStore|iPhone
		{13DCB4CB-84E0-466C-8409-2E6CCACBE49B}.AppStore|x86.ActiveCfg = AppStore|iPhone
		{13DCB4CB-84E0-466C-8409-2E6CCACBE49B}.Debug|Any CPU.ActiveCfg = Debug|iPhone
		{13DCB4CB-84E0-466C-8409-2E6CCACBE49B}.Debug|ARM.ActiveCfg = Debug|iPhone
		{13DCB4CB-84E0-466C-8409-2E6CCACBE49B}.Debug|iPhone.ActiveCfg = Debug|iPhone
		{13DCB4CB-84E0-466C-8409-2E6CCACBE49B}.Debug|iPhone.Build.0 = Debug|iPhone
		{13DCB4CB-84E0-466C-8409-2E6CCACBE49B}.Debug|iPhoneSimulator.ActiveCfg = Debug|iPhoneSimulator
		{13DCB4CB-84E0-466C-8409-2E6CCACBE49B}.Debug|iPhoneSimulator.Build.0 = Debug|iPhoneSimulator
		{13DCB4CB-84E0-466C-8409-2E6CCACBE49B}.Debug|x64.ActiveCfg = Debug|iPhone
		{13DCB4CB-84E0-466C-8409-2E6CCACBE49B}.Debug|x86.ActiveCfg = Debug|iPhone
		{13DCB4CB-84E0-466C-8409-2E6CCACBE49B}.Release|Any CPU.ActiveCfg = Release|iPhone
		{13DCB4CB-84E0-466C-8409-2E6CCACBE49B}.Release|ARM.ActiveCfg = Release|iPhone
		{13DCB4CB-84E0-466C-8409-2E6CCACBE49B}.Release|iPhone.ActiveCfg = Release|iPhone
		{13DCB4CB-84E0-466C-8409-2E6CCACBE49B}.Release|iPhone.Build.0 = Release|iPhone
		{13DCB4CB-84E0-466C-8409-2E6CCACBE49B}.Release|iPhoneSimulator.ActiveCfg = Release|iPhoneSimulator
		{13DCB4CB-84E0-466C-8409-2E6CCACBE49B}.Release|iPhoneSimulator.Build.0 = Release|iPhoneSimulator
		{13DCB4CB-84E0-466C-8409-2E6CCACBE49B}.Release|x64.ActiveCfg = Release|iPhone
		{13DCB4CB-84E0-466C-8409-2E6CCACBE49B}.Release|x86.ActiveCfg = Release|iPhone
		{C6EC1F93-0925-4CBD-9DD3-CA081629D02C}.Ad-Hoc|Any CPU.ActiveCfg = Release|x86
		{C6EC1F93-0925-4CBD-9DD3-CA081629D02C}.Ad-Hoc|Any CPU.Build.0 = Release|x86
		{C6EC1F93-0925-4CBD-9DD3-CA081629D02C}.Ad-Hoc|Any CPU.Deploy.0 = Release|x86
		{C6EC1F93-0925-4CBD-9DD3-CA081629D02C}.Ad-Hoc|ARM.ActiveCfg = Release|ARM
		{C6EC1F93-0925-4CBD-9DD3-CA081629D02C}.Ad-Hoc|ARM.Build.0 = Release|ARM
		{C6EC1F93-0925-4CBD-9DD3-CA081629D02C}.Ad-Hoc|ARM.Deploy.0 = Release|ARM
		{C6EC1F93-0925-4CBD-9DD3-CA081629D02C}.Ad-Hoc|iPhone.ActiveCfg = Release|x86
		{C6EC1F93-0925-4CBD-9DD3-CA081629D02C}.Ad-Hoc|iPhone.Build.0 = Release|x86
		{C6EC1F93-0925-4CBD-9DD3-CA081629D02C}.Ad-Hoc|iPhone.Deploy.0 = Release|x86
		{C6EC1F93-0925-4CBD-9DD3-CA081629D02C}.Ad-Hoc|iPhoneSimulator.ActiveCfg = Release|x86
		{C6EC1F93-0925-4CBD-9DD3-CA081629D02C}.Ad-Hoc|iPhoneSimulator.Build.0 = Release|x86
		{C6EC1F93-0925-4CBD-9DD3-CA081629D02C}.Ad-Hoc|iPhoneSimulator.Deploy.0 = Release|x86
		{C6EC1F93-0925-4CBD-9DD3-CA081629D02C}.Ad-Hoc|x64.ActiveCfg = Release|x64
		{C6EC1F93-0925-4CBD-9DD3-CA081629D02C}.Ad-Hoc|x64.Build.0 = Release|x64
		{C6EC1F93-0925-4CBD-9DD3-CA081629D02C}.Ad-Hoc|x64.Deploy.0 = Release|x64
		{C6EC1F93-0925-4CBD-9DD3-CA081629D02C}.Ad-Hoc|x86.ActiveCfg = Release|x86
		{C6EC1F93-0925-4CBD-9DD3-CA081629D02C}.Ad-Hoc|x86.Build.0 = Release|x86
		{C6EC1F93-0925-4CBD-9DD3-CA081629D02C}.Ad-Hoc|x86.Deploy.0 = Release|x86
		{C6EC1F93-0925-4CBD-9DD3-CA081629D02C}.AppStore|Any CPU.ActiveCfg = Release|x86
		{C6EC1F93-0925-4CBD-9DD3-CA081629D02C}.AppStore|Any CPU.Build.0 = Release|x86
		{C6EC1F93-0925-4CBD-9DD3-CA081629D02C}.AppStore|Any CPU.Deploy.0 = Release|x86
		{C6EC1F93-0925-4CBD-9DD3-CA081629D02C}.AppStore|ARM.ActiveCfg = Release|ARM
		{C6EC1F93-0925-4CBD-9DD3-CA081629D02C}.AppStore|ARM.Build.0 = Release|ARM
		{C6EC1F93-0925-4CBD-9DD3-CA081629D02C}.AppStore|ARM.Deploy.0 = Release|ARM
		{C6EC1F93-0925-4CBD-9DD3-CA081629D02C}.AppStore|iPhone.ActiveCfg = Release|x86
		{C6EC1F93-0925-4CBD-9DD3-CA081629D02C}.AppStore|iPhone.Build.0 = Release|x86
		{C6EC1F93-0925-4CBD-9DD3-CA081629D02C}.AppStore|iPhone.Deploy.0 = Release|x86
		{C6EC1F93-0925-4CBD-9DD3-CA081629D02C}.AppStore|iPhoneSimulator.ActiveCfg = Release|x86
		{C6EC1F93-0925-4CBD-9DD3-CA081629D02C}.AppStore|iPhoneSimulator.Build.0 = Release|x86
		{C6EC1F93-0925-4CBD-9DD3-CA081629D02C}.AppStore|iPhoneSimulator.Deploy.0 = Release|x86
		{C6EC1F93-0925-4CBD-9DD3-CA081629D02C}.AppStore|x64.ActiveCfg = Release|x64
		{C6EC1F93-0925-4CBD-9DD3-CA081629D02C}.AppStore|x64.Build.0 = Release|x64
		{C6EC1F93-0925-4CBD-9DD3-CA081629D02C}.AppStore|x64.Deploy.0 = Release|x64
		{C6EC1F93-0925-4CBD-9DD3-CA081629D02C}.AppStore|x86.ActiveCfg = Release|x86
		{C6EC1F93-0925-4CBD-9DD3-CA081629D02C}.AppStore|x86.Build.0 = Release|x86
		{C6EC1F93-0925-4CBD-9DD3-CA081629D02C}.AppStore|x86.Deploy.0 = Release|x86
		{C6EC1F93-0925-4CBD-9DD3-CA081629D02C}.Debug|Any CPU.ActiveCfg = Debug|x86
		{C6EC1F93-0925-4CBD-9DD3-CA081629D02C}.Debug|ARM.ActiveCfg = Debug|ARM
		{C6EC1F93-0925-4CBD-9DD3-CA081629D02C}.Debug|ARM.Build.0 = Debug|ARM
		{C6EC1F93-0925-4CBD-9DD3-CA081629D02C}.Debug|ARM.Deploy.0 = Debug|ARM
		{C6EC1F93-0925-4CBD-9DD3-CA081629D02C}.Debug|iPhone.ActiveCfg = Debug|x86
		{C6EC1F93-0925-4CBD-9DD3-CA081629D02C}.Debug|iPhoneSimulator.ActiveCfg = Debug|x86
		{C6EC1F93-0925-4CBD-9DD3-CA081629D02C}.Debug|x64.ActiveCfg = Debug|x64
		{C6EC1F93-0925-4CBD-9DD3-CA081629D02C}.Debug|x64.Build.0 = Debug|x64
		{C6EC1F93-0925-4CBD-9DD3-CA081629D02C}.Debug|x64.Deploy.0 = Debug|x64
		{C6EC1F93-0925-4CBD-9DD3-CA081629D02C}.Debug|x86.ActiveCfg = Debug|x86
		{C6EC1F93-0925-4CBD-9DD3-CA081629D02C}.Debug|x86.Build.0 = Debug|x86
		{C6EC1F93-0925-4CBD-9DD3-CA081629D02C}.Debug|x86.Deploy.0 = Debug|x86
		{C6EC1F93-0925-4CBD-9DD3-CA081629D02C}.Release|Any CPU.ActiveCfg = Release|x86
		{C6EC1F93-0925-4CBD-9DD3-CA081629D02C}.Release|ARM.ActiveCfg = Release|ARM
		{C6EC1F93-0925-4CBD-9DD3-CA081629D02C}.Release|ARM.Build.0 = Release|ARM
		{C6EC1F93-0925-4CBD-9DD3-CA081629D02C}.Release|ARM.Deploy.0 = Release|ARM
		{C6EC1F93-0925-4CBD-9DD3-CA081629D02C}.Release|iPhone.ActiveCfg = Release|x86
		{C6EC1F93-0925-4CBD-9DD3-CA081629D02C}.Release|iPhoneSimulator.ActiveCfg = Release|x86
		{C6EC1F93-0925-4CBD-9DD3-CA081629D02C}.Release|x64.ActiveCfg = Release|x64
		{C6EC1F93-0925-4CBD-9DD3-CA081629D02C}.Release|x64.Build.0 = Release|x64
		{C6EC1F93-0925-4CBD-9DD3-CA081629D02C}.Release|x64.Deploy.0 = Release|x64
		{C6EC1F93-0925-4CBD-9DD3-CA081629D02C}.Release|x86.ActiveCfg = Release|x86
		{C6EC1F93-0925-4CBD-9DD3-CA081629D02C}.Release|x86.Build.0 = Release|x86
		{C6EC1F93-0925-4CBD-9DD3-CA081629D02C}.Release|x86.Deploy.0 = Release|x86
		{93BE2BCE-587C-463A-A4E2-28964D8D956A}.Ad-Hoc|Any CPU.ActiveCfg = Release|Any CPU
		{93BE2BCE-587C-463A-A4E2-28964D8D956A}.Ad-Hoc|Any CPU.Build.0 = Release|Any CPU
		{93BE2BCE-587C-463A-A4E2-28964D8D956A}.Ad-Hoc|ARM.ActiveCfg = Release|Any CPU
		{93BE2BCE-587C-463A-A4E2-28964D8D956A}.Ad-Hoc|ARM.Build.0 = Release|Any CPU
		{93BE2BCE-587C-463A-A4E2-28964D8D956A}.Ad-Hoc|iPhone.ActiveCfg = Release|Any CPU
		{93BE2BCE-587C-463A-A4E2-28964D8D956A}.Ad-Hoc|iPhone.Build.0 = Release|Any CPU
		{93BE2BCE-587C-463A-A4E2-28964D8D956A}.Ad-Hoc|iPhoneSimulator.ActiveCfg = Release|Any CPU
		{93BE2BCE-587C-463A-A4E2-28964D8D956A}.Ad-Hoc|iPhoneSimulator.Build.0 = Release|Any CPU
		{93BE2BCE-587C-463A-A4E2-28964D8D956A}.Ad-Hoc|x64.ActiveCfg = Release|Any CPU
		{93BE2BCE-587C-463A-A4E2-28964D8D956A}.Ad-Hoc|x64.Build.0 = Release|Any CPU
		{93BE2BCE-587C-463A-A4E2-28964D8D956A}.Ad-Hoc|x86.ActiveCfg = Release|Any CPU
		{93BE2BCE-587C-463A-A4E2-28964D8D956A}.Ad-Hoc|x86.Build.0 = Release|Any CPU
		{93BE2BCE-587C-463A-A4E2-28964D8D956A}.AppStore|Any CPU.ActiveCfg = Release|Any CPU
		{93BE2BCE-587C-463A-A4E2-28964D8D956A}.AppStore|Any CPU.Build.0 = Release|Any CPU
		{93BE2BCE-587C-463A-A4E2-28964D8D956A}.AppStore|ARM.ActiveCfg = Release|Any CPU
		{93BE2BCE-587C-463A-A4E2-28964D8D956A}.AppStore|ARM.Build.0 = Release|Any CPU
		{93BE2BCE-587C-463A-A4E2-28964D8D956A}.AppStore|iPhone.ActiveCfg = Release|Any CPU
		{93BE2BCE-587C-463A-A4E2-28964D8D956A}.AppStore|iPhone.Build.0 = Release|Any CPU
		{93BE2BCE-587C-463A-A4E2-28964D8D956A}.AppStore|iPhoneSimulator.ActiveCfg = Release|Any CPU
		{93BE2BCE-587C-463A-A4E2-28964D8D956A}.AppStore|iPhoneSimulator.Build.0 = Release|Any CPU
		{93BE2BCE-587C-463A-A4E2-28964D8D956A}.AppStore|x64.ActiveCfg = Release|Any CPU
		{93BE2BCE-587C-463A-A4E2-28964D8D956A}.AppStore|x64.Build.0 = Release|Any CPU
		{93BE2BCE-587C-463A-A4E2-28964D8D956A}.AppStore|x86.ActiveCfg = Release|Any CPU
		{93BE2BCE-587C-463A-A4E2-28964D8D956A}.AppStore|x86.Build.0 = Release|Any CPU
		{93BE2BCE-587C-463A-A4E2-28964D8D956A}.Debug|Any CPU.ActiveCfg = Debug|Any CPU
		{93BE2BCE-587C-463A-A4E2-28964D8D956A}.Debug|Any CPU.Build.0 = Debug|Any CPU
		{93BE2BCE-587C-463A-A4E2-28964D8D956A}.Debug|ARM.ActiveCfg = Debug|Any CPU
		{93BE2BCE-587C-463A-A4E2-28964D8D956A}.Debug|ARM.Build.0 = Debug|Any CPU
		{93BE2BCE-587C-463A-A4E2-28964D8D956A}.Debug|iPhone.ActiveCfg = Debug|Any CPU
		{93BE2BCE-587C-463A-A4E2-28964D8D956A}.Debug|iPhone.Build.0 = Debug|Any CPU
		{93BE2BCE-587C-463A-A4E2-28964D8D956A}.Debug|iPhoneSimulator.ActiveCfg = Debug|Any CPU
		{93BE2BCE-587C-463A-A4E2-28964D8D956A}.Debug|iPhoneSimulator.Build.0 = Debug|Any CPU
		{93BE2BCE-587C-463A-A4E2-28964D8D956A}.Debug|x64.ActiveCfg = Debug|Any CPU
		{93BE2BCE-587C-463A-A4E2-28964D8D956A}.Debug|x64.Build.0 = Debug|Any CPU
		{93BE2BCE-587C-463A-A4E2-28964D8D956A}.Debug|x86.ActiveCfg = Debug|Any CPU
		{93BE2BCE-587C-463A-A4E2-28964D8D956A}.Debug|x86.Build.0 = Debug|Any CPU
		{93BE2BCE-587C-463A-A4E2-28964D8D956A}.Release|Any CPU.ActiveCfg = Release|Any CPU
		{93BE2BCE-587C-463A-A4E2-28964D8D956A}.Release|Any CPU.Build.0 = Release|Any CPU
		{93BE2BCE-587C-463A-A4E2-28964D8D956A}.Release|ARM.ActiveCfg = Release|Any CPU
		{93BE2BCE-587C-463A-A4E2-28964D8D956A}.Release|ARM.Build.0 = Release|Any CPU
		{93BE2BCE-587C-463A-A4E2-28964D8D956A}.Release|iPhone.ActiveCfg = Release|Any CPU
		{93BE2BCE-587C-463A-A4E2-28964D8D956A}.Release|iPhone.Build.0 = Release|Any CPU
		{93BE2BCE-587C-463A-A4E2-28964D8D956A}.Release|iPhoneSimulator.ActiveCfg = Release|Any CPU
		{93BE2BCE-587C-463A-A4E2-28964D8D956A}.Release|iPhoneSimulator.Build.0 = Release|Any CPU
		{93BE2BCE-587C-463A-A4E2-28964D8D956A}.Release|x64.ActiveCfg = Release|Any CPU
		{93BE2BCE-587C-463A-A4E2-28964D8D956A}.Release|x64.Build.0 = Release|Any CPU
		{93BE2BCE-587C-463A-A4E2-28964D8D956A}.Release|x86.ActiveCfg = Release|Any CPU
		{93BE2BCE-587C-463A-A4E2-28964D8D956A}.Release|x86.Build.0 = Release|Any CPU
		{861EDEB8-64EC-4282-841F-8AF992BB014D}.Ad-Hoc|Any CPU.ActiveCfg = Release|Any CPU
		{861EDEB8-64EC-4282-841F-8AF992BB014D}.Ad-Hoc|Any CPU.Build.0 = Release|Any CPU
		{861EDEB8-64EC-4282-841F-8AF992BB014D}.Ad-Hoc|ARM.ActiveCfg = Release|Any CPU
		{861EDEB8-64EC-4282-841F-8AF992BB014D}.Ad-Hoc|ARM.Build.0 = Release|Any CPU
		{861EDEB8-64EC-4282-841F-8AF992BB014D}.Ad-Hoc|iPhone.ActiveCfg = Release|Any CPU
		{861EDEB8-64EC-4282-841F-8AF992BB014D}.Ad-Hoc|iPhone.Build.0 = Release|Any CPU
		{861EDEB8-64EC-4282-841F-8AF992BB014D}.Ad-Hoc|iPhoneSimulator.ActiveCfg = Release|Any CPU
		{861EDEB8-64EC-4282-841F-8AF992BB014D}.Ad-Hoc|iPhoneSimulator.Build.0 = Release|Any CPU
		{861EDEB8-64EC-4282-841F-8AF992BB014D}.Ad-Hoc|x64.ActiveCfg = Release|Any CPU
		{861EDEB8-64EC-4282-841F-8AF992BB014D}.Ad-Hoc|x64.Build.0 = Release|Any CPU
		{861EDEB8-64EC-4282-841F-8AF992BB014D}.Ad-Hoc|x86.ActiveCfg = Release|Any CPU
		{861EDEB8-64EC-4282-841F-8AF992BB014D}.Ad-Hoc|x86.Build.0 = Release|Any CPU
		{861EDEB8-64EC-4282-841F-8AF992BB014D}.AppStore|Any CPU.ActiveCfg = Release|Any CPU
		{861EDEB8-64EC-4282-841F-8AF992BB014D}.AppStore|Any CPU.Build.0 = Release|Any CPU
		{861EDEB8-64EC-4282-841F-8AF992BB014D}.AppStore|ARM.ActiveCfg = Release|Any CPU
		{861EDEB8-64EC-4282-841F-8AF992BB014D}.AppStore|ARM.Build.0 = Release|Any CPU
		{861EDEB8-64EC-4282-841F-8AF992BB014D}.AppStore|iPhone.ActiveCfg = Release|Any CPU
		{861EDEB8-64EC-4282-841F-8AF992BB014D}.AppStore|iPhone.Build.0 = Release|Any CPU
		{861EDEB8-64EC-4282-841F-8AF992BB014D}.AppStore|iPhoneSimulator.ActiveCfg = Release|Any CPU
		{861EDEB8-64EC-4282-841F-8AF992BB014D}.AppStore|iPhoneSimulator.Build.0 = Release|Any CPU
		{861EDEB8-64EC-4282-841F-8AF992BB014D}.AppStore|x64.ActiveCfg = Release|Any CPU
		{861EDEB8-64EC-4282-841F-8AF992BB014D}.AppStore|x64.Build.0 = Release|Any CPU
		{861EDEB8-64EC-4282-841F-8AF992BB014D}.AppStore|x86.ActiveCfg = Release|Any CPU
		{861EDEB8-64EC-4282-841F-8AF992BB014D}.AppStore|x86.Build.0 = Release|Any CPU
		{861EDEB8-64EC-4282-841F-8AF992BB014D}.Debug|Any CPU.ActiveCfg = Debug|Any CPU
		{861EDEB8-64EC-4282-841F-8AF992BB014D}.Debug|Any CPU.Build.0 = Debug|Any CPU
		{861EDEB8-64EC-4282-841F-8AF992BB014D}.Debug|ARM.ActiveCfg = Debug|Any CPU
		{861EDEB8-64EC-4282-841F-8AF992BB014D}.Debug|ARM.Build.0 = Debug|Any CPU
		{861EDEB8-64EC-4282-841F-8AF992BB014D}.Debug|iPhone.ActiveCfg = Debug|Any CPU
		{861EDEB8-64EC-4282-841F-8AF992BB014D}.Debug|iPhone.Build.0 = Debug|Any CPU
		{861EDEB8-64EC-4282-841F-8AF992BB014D}.Debug|iPhoneSimulator.ActiveCfg = Debug|Any CPU
		{861EDEB8-64EC-4282-841F-8AF992BB014D}.Debug|iPhoneSimulator.Build.0 = Debug|Any CPU
		{861EDEB8-64EC-4282-841F-8AF992BB014D}.Debug|x64.ActiveCfg = Debug|Any CPU
		{861EDEB8-64EC-4282-841F-8AF992BB014D}.Debug|x64.Build.0 = Debug|Any CPU
		{861EDEB8-64EC-4282-841F-8AF992BB014D}.Debug|x86.ActiveCfg = Debug|Any CPU
		{861EDEB8-64EC-4282-841F-8AF992BB014D}.Debug|x86.Build.0 = Debug|Any CPU
		{861EDEB8-64EC-4282-841F-8AF992BB014D}.Release|Any CPU.ActiveCfg = Release|Any CPU
		{861EDEB8-64EC-4282-841F-8AF992BB014D}.Release|Any CPU.Build.0 = Release|Any CPU
		{861EDEB8-64EC-4282-841F-8AF992BB014D}.Release|ARM.ActiveCfg = Release|Any CPU
		{861EDEB8-64EC-4282-841F-8AF992BB014D}.Release|ARM.Build.0 = Release|Any CPU
		{861EDEB8-64EC-4282-841F-8AF992BB014D}.Release|iPhone.ActiveCfg = Release|Any CPU
		{861EDEB8-64EC-4282-841F-8AF992BB014D}.Release|iPhone.Build.0 = Release|Any CPU
		{861EDEB8-64EC-4282-841F-8AF992BB014D}.Release|iPhoneSimulator.ActiveCfg = Release|Any CPU
		{861EDEB8-64EC-4282-841F-8AF992BB014D}.Release|iPhoneSimulator.Build.0 = Release|Any CPU
		{861EDEB8-64EC-4282-841F-8AF992BB014D}.Release|x64.ActiveCfg = Release|Any CPU
		{861EDEB8-64EC-4282-841F-8AF992BB014D}.Release|x64.Build.0 = Release|Any CPU
		{861EDEB8-64EC-4282-841F-8AF992BB014D}.Release|x86.ActiveCfg = Release|Any CPU
		{861EDEB8-64EC-4282-841F-8AF992BB014D}.Release|x86.Build.0 = Release|Any CPU
		{B76EB5A7-7A64-4ED4-AE27-3E7E557506BC}.Ad-Hoc|Any CPU.ActiveCfg = Release|Any CPU
		{B76EB5A7-7A64-4ED4-AE27-3E7E557506BC}.Ad-Hoc|Any CPU.Build.0 = Release|Any CPU
		{B76EB5A7-7A64-4ED4-AE27-3E7E557506BC}.Ad-Hoc|ARM.ActiveCfg = Release|Any CPU
		{B76EB5A7-7A64-4ED4-AE27-3E7E557506BC}.Ad-Hoc|ARM.Build.0 = Release|Any CPU
		{B76EB5A7-7A64-4ED4-AE27-3E7E557506BC}.Ad-Hoc|iPhone.ActiveCfg = Release|Any CPU
		{B76EB5A7-7A64-4ED4-AE27-3E7E557506BC}.Ad-Hoc|iPhone.Build.0 = Release|Any CPU
		{B76EB5A7-7A64-4ED4-AE27-3E7E557506BC}.Ad-Hoc|iPhoneSimulator.ActiveCfg = Release|Any CPU
		{B76EB5A7-7A64-4ED4-AE27-3E7E557506BC}.Ad-Hoc|iPhoneSimulator.Build.0 = Release|Any CPU
		{B76EB5A7-7A64-4ED4-AE27-3E7E557506BC}.Ad-Hoc|x64.ActiveCfg = Release|Any CPU
		{B76EB5A7-7A64-4ED4-AE27-3E7E557506BC}.Ad-Hoc|x64.Build.0 = Release|Any CPU
		{B76EB5A7-7A64-4ED4-AE27-3E7E557506BC}.Ad-Hoc|x86.ActiveCfg = Release|Any CPU
		{B76EB5A7-7A64-4ED4-AE27-3E7E557506BC}.Ad-Hoc|x86.Build.0 = Release|Any CPU
		{B76EB5A7-7A64-4ED4-AE27-3E7E557506BC}.AppStore|Any CPU.ActiveCfg = Release|Any CPU
		{B76EB5A7-7A64-4ED4-AE27-3E7E557506BC}.AppStore|Any CPU.Build.0 = Release|Any CPU
		{B76EB5A7-7A64-4ED4-AE27-3E7E557506BC}.AppStore|ARM.ActiveCfg = Release|Any CPU
		{B76EB5A7-7A64-4ED4-AE27-3E7E557506BC}.AppStore|ARM.Build.0 = Release|Any CPU
		{B76EB5A7-7A64-4ED4-AE27-3E7E557506BC}.AppStore|iPhone.ActiveCfg = Release|Any CPU
		{B76EB5A7-7A64-4ED4-AE27-3E7E557506BC}.AppStore|iPhone.Build.0 = Release|Any CPU
		{B76EB5A7-7A64-4ED4-AE27-3E7E557506BC}.AppStore|iPhoneSimulator.ActiveCfg = Release|Any CPU
		{B76EB5A7-7A64-4ED4-AE27-3E7E557506BC}.AppStore|iPhoneSimulator.Build.0 = Release|Any CPU
		{B76EB5A7-7A64-4ED4-AE27-3E7E557506BC}.AppStore|x64.ActiveCfg = Release|Any CPU
		{B76EB5A7-7A64-4ED4-AE27-3E7E557506BC}.AppStore|x64.Build.0 = Release|Any CPU
		{B76EB5A7-7A64-4ED4-AE27-3E7E557506BC}.AppStore|x86.ActiveCfg = Release|Any CPU
		{B76EB5A7-7A64-4ED4-AE27-3E7E557506BC}.AppStore|x86.Build.0 = Release|Any CPU
		{B76EB5A7-7A64-4ED4-AE27-3E7E557506BC}.Debug|Any CPU.ActiveCfg = Debug|Any CPU
		{B76EB5A7-7A64-4ED4-AE27-3E7E557506BC}.Debug|Any CPU.Build.0 = Debug|Any CPU
		{B76EB5A7-7A64-4ED4-AE27-3E7E557506BC}.Debug|Any CPU.Deploy.0 = Debug|Any CPU
		{B76EB5A7-7A64-4ED4-AE27-3E7E557506BC}.Debug|ARM.ActiveCfg = Debug|Any CPU
		{B76EB5A7-7A64-4ED4-AE27-3E7E557506BC}.Debug|ARM.Build.0 = Debug|Any CPU
		{B76EB5A7-7A64-4ED4-AE27-3E7E557506BC}.Debug|iPhone.ActiveCfg = Debug|Any CPU
		{B76EB5A7-7A64-4ED4-AE27-3E7E557506BC}.Debug|iPhone.Build.0 = Debug|Any CPU
		{B76EB5A7-7A64-4ED4-AE27-3E7E557506BC}.Debug|iPhoneSimulator.ActiveCfg = Debug|Any CPU
		{B76EB5A7-7A64-4ED4-AE27-3E7E557506BC}.Debug|iPhoneSimulator.Build.0 = Debug|Any CPU
		{B76EB5A7-7A64-4ED4-AE27-3E7E557506BC}.Debug|x64.ActiveCfg = Debug|Any CPU
		{B76EB5A7-7A64-4ED4-AE27-3E7E557506BC}.Debug|x64.Build.0 = Debug|Any CPU
		{B76EB5A7-7A64-4ED4-AE27-3E7E557506BC}.Debug|x86.ActiveCfg = Debug|Any CPU
		{B76EB5A7-7A64-4ED4-AE27-3E7E557506BC}.Debug|x86.Build.0 = Debug|Any CPU
		{B76EB5A7-7A64-4ED4-AE27-3E7E557506BC}.Release|Any CPU.ActiveCfg = Release|Any CPU
		{B76EB5A7-7A64-4ED4-AE27-3E7E557506BC}.Release|Any CPU.Build.0 = Release|Any CPU
		{B76EB5A7-7A64-4ED4-AE27-3E7E557506BC}.Release|Any CPU.Deploy.0 = Release|Any CPU
		{B76EB5A7-7A64-4ED4-AE27-3E7E557506BC}.Release|ARM.ActiveCfg = Release|Any CPU
		{B76EB5A7-7A64-4ED4-AE27-3E7E557506BC}.Release|ARM.Build.0 = Release|Any CPU
		{B76EB5A7-7A64-4ED4-AE27-3E7E557506BC}.Release|iPhone.ActiveCfg = Release|Any CPU
		{B76EB5A7-7A64-4ED4-AE27-3E7E557506BC}.Release|iPhone.Build.0 = Release|Any CPU
		{B76EB5A7-7A64-4ED4-AE27-3E7E557506BC}.Release|iPhoneSimulator.ActiveCfg = Release|Any CPU
		{B76EB5A7-7A64-4ED4-AE27-3E7E557506BC}.Release|iPhoneSimulator.Build.0 = Release|Any CPU
		{B76EB5A7-7A64-4ED4-AE27-3E7E557506BC}.Release|x64.ActiveCfg = Release|Any CPU
		{B76EB5A7-7A64-4ED4-AE27-3E7E557506BC}.Release|x64.Build.0 = Release|Any CPU
		{B76EB5A7-7A64-4ED4-AE27-3E7E557506BC}.Release|x86.ActiveCfg = Release|Any CPU
		{B76EB5A7-7A64-4ED4-AE27-3E7E557506BC}.Release|x86.Build.0 = Release|Any CPU
		{7AF4843D-8AA1-473E-86A9-8E8C08392062}.Ad-Hoc|Any CPU.ActiveCfg = Release|Any CPU
		{7AF4843D-8AA1-473E-86A9-8E8C08392062}.Ad-Hoc|Any CPU.Build.0 = Release|Any CPU
		{7AF4843D-8AA1-473E-86A9-8E8C08392062}.Ad-Hoc|ARM.ActiveCfg = Release|Any CPU
		{7AF4843D-8AA1-473E-86A9-8E8C08392062}.Ad-Hoc|ARM.Build.0 = Release|Any CPU
		{7AF4843D-8AA1-473E-86A9-8E8C08392062}.Ad-Hoc|iPhone.ActiveCfg = Release|Any CPU
		{7AF4843D-8AA1-473E-86A9-8E8C08392062}.Ad-Hoc|iPhone.Build.0 = Release|Any CPU
		{7AF4843D-8AA1-473E-86A9-8E8C08392062}.Ad-Hoc|iPhoneSimulator.ActiveCfg = Release|Any CPU
		{7AF4843D-8AA1-473E-86A9-8E8C08392062}.Ad-Hoc|iPhoneSimulator.Build.0 = Release|Any CPU
		{7AF4843D-8AA1-473E-86A9-8E8C08392062}.Ad-Hoc|x64.ActiveCfg = Release|Any CPU
		{7AF4843D-8AA1-473E-86A9-8E8C08392062}.Ad-Hoc|x64.Build.0 = Release|Any CPU
		{7AF4843D-8AA1-473E-86A9-8E8C08392062}.Ad-Hoc|x86.ActiveCfg = Release|Any CPU
		{7AF4843D-8AA1-473E-86A9-8E8C08392062}.Ad-Hoc|x86.Build.0 = Release|Any CPU
		{7AF4843D-8AA1-473E-86A9-8E8C08392062}.AppStore|Any CPU.ActiveCfg = Release|Any CPU
		{7AF4843D-8AA1-473E-86A9-8E8C08392062}.AppStore|Any CPU.Build.0 = Release|Any CPU
		{7AF4843D-8AA1-473E-86A9-8E8C08392062}.AppStore|ARM.ActiveCfg = Release|Any CPU
		{7AF4843D-8AA1-473E-86A9-8E8C08392062}.AppStore|ARM.Build.0 = Release|Any CPU
		{7AF4843D-8AA1-473E-86A9-8E8C08392062}.AppStore|iPhone.ActiveCfg = Release|Any CPU
		{7AF4843D-8AA1-473E-86A9-8E8C08392062}.AppStore|iPhone.Build.0 = Release|Any CPU
		{7AF4843D-8AA1-473E-86A9-8E8C08392062}.AppStore|iPhoneSimulator.ActiveCfg = Release|Any CPU
		{7AF4843D-8AA1-473E-86A9-8E8C08392062}.AppStore|iPhoneSimulator.Build.0 = Release|Any CPU
		{7AF4843D-8AA1-473E-86A9-8E8C08392062}.AppStore|x64.ActiveCfg = Release|Any CPU
		{7AF4843D-8AA1-473E-86A9-8E8C08392062}.AppStore|x64.Build.0 = Release|Any CPU
		{7AF4843D-8AA1-473E-86A9-8E8C08392062}.AppStore|x86.ActiveCfg = Release|Any CPU
		{7AF4843D-8AA1-473E-86A9-8E8C08392062}.AppStore|x86.Build.0 = Release|Any CPU
		{7AF4843D-8AA1-473E-86A9-8E8C08392062}.Debug|Any CPU.ActiveCfg = Debug|Any CPU
		{7AF4843D-8AA1-473E-86A9-8E8C08392062}.Debug|Any CPU.Build.0 = Debug|Any CPU
		{7AF4843D-8AA1-473E-86A9-8E8C08392062}.Debug|ARM.ActiveCfg = Debug|Any CPU
		{7AF4843D-8AA1-473E-86A9-8E8C08392062}.Debug|ARM.Build.0 = Debug|Any CPU
		{7AF4843D-8AA1-473E-86A9-8E8C08392062}.Debug|iPhone.ActiveCfg = Debug|Any CPU
		{7AF4843D-8AA1-473E-86A9-8E8C08392062}.Debug|iPhone.Build.0 = Debug|Any CPU
		{7AF4843D-8AA1-473E-86A9-8E8C08392062}.Debug|iPhoneSimulator.ActiveCfg = Debug|Any CPU
		{7AF4843D-8AA1-473E-86A9-8E8C08392062}.Debug|iPhoneSimulator.Build.0 = Debug|Any CPU
		{7AF4843D-8AA1-473E-86A9-8E8C08392062}.Debug|x64.ActiveCfg = Debug|Any CPU
		{7AF4843D-8AA1-473E-86A9-8E8C08392062}.Debug|x64.Build.0 = Debug|Any CPU
		{7AF4843D-8AA1-473E-86A9-8E8C08392062}.Debug|x86.ActiveCfg = Debug|Any CPU
		{7AF4843D-8AA1-473E-86A9-8E8C08392062}.Debug|x86.Build.0 = Debug|Any CPU
		{7AF4843D-8AA1-473E-86A9-8E8C08392062}.Release|Any CPU.ActiveCfg = Release|Any CPU
		{7AF4843D-8AA1-473E-86A9-8E8C08392062}.Release|Any CPU.Build.0 = Release|Any CPU
		{7AF4843D-8AA1-473E-86A9-8E8C08392062}.Release|ARM.ActiveCfg = Release|Any CPU
		{7AF4843D-8AA1-473E-86A9-8E8C08392062}.Release|ARM.Build.0 = Release|Any CPU
		{7AF4843D-8AA1-473E-86A9-8E8C08392062}.Release|iPhone.ActiveCfg = Release|Any CPU
		{7AF4843D-8AA1-473E-86A9-8E8C08392062}.Release|iPhone.Build.0 = Release|Any CPU
		{7AF4843D-8AA1-473E-86A9-8E8C08392062}.Release|iPhoneSimulator.ActiveCfg = Release|Any CPU
		{7AF4843D-8AA1-473E-86A9-8E8C08392062}.Release|iPhoneSimulator.Build.0 = Release|Any CPU
		{7AF4843D-8AA1-473E-86A9-8E8C08392062}.Release|x64.ActiveCfg = Release|Any CPU
		{7AF4843D-8AA1-473E-86A9-8E8C08392062}.Release|x64.Build.0 = Release|Any CPU
		{7AF4843D-8AA1-473E-86A9-8E8C08392062}.Release|x86.ActiveCfg = Release|Any CPU
		{7AF4843D-8AA1-473E-86A9-8E8C08392062}.Release|x86.Build.0 = Release|Any CPU
		{9A351EC5-E196-4104-B057-9E4C9829B736}.Ad-Hoc|Any CPU.ActiveCfg = Release|x64
		{9A351EC5-E196-4104-B057-9E4C9829B736}.Ad-Hoc|Any CPU.Build.0 = Release|x64
		{9A351EC5-E196-4104-B057-9E4C9829B736}.Ad-Hoc|Any CPU.Deploy.0 = Release|x64
		{9A351EC5-E196-4104-B057-9E4C9829B736}.Ad-Hoc|ARM.ActiveCfg = Release|ARM
		{9A351EC5-E196-4104-B057-9E4C9829B736}.Ad-Hoc|ARM.Build.0 = Release|ARM
		{9A351EC5-E196-4104-B057-9E4C9829B736}.Ad-Hoc|ARM.Deploy.0 = Release|ARM
		{9A351EC5-E196-4104-B057-9E4C9829B736}.Ad-Hoc|ARM64.ActiveCfg = Release|ARM64
		{9A351EC5-E196-4104-B057-9E4C9829B736}.Ad-Hoc|ARM64.Build.0 = Release|ARM64
		{9A351EC5-E196-4104-B057-9E4C9829B736}.Ad-Hoc|ARM64.Deploy.0 = Release|ARM64
		{9A351EC5-E196-4104-B057-9E4C9829B736}.Ad-Hoc|iPhone.ActiveCfg = Release|x64
		{9A351EC5-E196-4104-B057-9E4C9829B736}.Ad-Hoc|iPhone.Build.0 = Release|x64
		{9A351EC5-E196-4104-B057-9E4C9829B736}.Ad-Hoc|iPhone.Deploy.0 = Release|x64
		{9A351EC5-E196-4104-B057-9E4C9829B736}.Ad-Hoc|iPhoneSimulator.ActiveCfg = Release|x64
		{9A351EC5-E196-4104-B057-9E4C9829B736}.Ad-Hoc|iPhoneSimulator.Build.0 = Release|x64
		{9A351EC5-E196-4104-B057-9E4C9829B736}.Ad-Hoc|iPhoneSimulator.Deploy.0 = Release|x64
		{9A351EC5-E196-4104-B057-9E4C9829B736}.Ad-Hoc|x64.ActiveCfg = Release|x64
		{9A351EC5-E196-4104-B057-9E4C9829B736}.Ad-Hoc|x64.Build.0 = Release|x64
		{9A351EC5-E196-4104-B057-9E4C9829B736}.Ad-Hoc|x64.Deploy.0 = Release|x64
		{9A351EC5-E196-4104-B057-9E4C9829B736}.Ad-Hoc|x86.ActiveCfg = Release|x86
		{9A351EC5-E196-4104-B057-9E4C9829B736}.Ad-Hoc|x86.Build.0 = Release|x86
		{9A351EC5-E196-4104-B057-9E4C9829B736}.Ad-Hoc|x86.Deploy.0 = Release|x86
		{9A351EC5-E196-4104-B057-9E4C9829B736}.AppStore|Any CPU.ActiveCfg = Release|x64
		{9A351EC5-E196-4104-B057-9E4C9829B736}.AppStore|Any CPU.Build.0 = Release|x64
		{9A351EC5-E196-4104-B057-9E4C9829B736}.AppStore|Any CPU.Deploy.0 = Release|x64
		{9A351EC5-E196-4104-B057-9E4C9829B736}.AppStore|ARM.ActiveCfg = Release|ARM
		{9A351EC5-E196-4104-B057-9E4C9829B736}.AppStore|ARM.Build.0 = Release|ARM
		{9A351EC5-E196-4104-B057-9E4C9829B736}.AppStore|ARM.Deploy.0 = Release|ARM
		{9A351EC5-E196-4104-B057-9E4C9829B736}.AppStore|ARM64.ActiveCfg = Release|ARM64
		{9A351EC5-E196-4104-B057-9E4C9829B736}.AppStore|ARM64.Build.0 = Release|ARM64
		{9A351EC5-E196-4104-B057-9E4C9829B736}.AppStore|ARM64.Deploy.0 = Release|ARM64
		{9A351EC5-E196-4104-B057-9E4C9829B736}.AppStore|iPhone.ActiveCfg = Release|x64
		{9A351EC5-E196-4104-B057-9E4C9829B736}.AppStore|iPhone.Build.0 = Release|x64
		{9A351EC5-E196-4104-B057-9E4C9829B736}.AppStore|iPhone.Deploy.0 = Release|x64
		{9A351EC5-E196-4104-B057-9E4C9829B736}.AppStore|iPhoneSimulator.ActiveCfg = Release|x64
		{9A351EC5-E196-4104-B057-9E4C9829B736}.AppStore|iPhoneSimulator.Build.0 = Release|x64
		{9A351EC5-E196-4104-B057-9E4C9829B736}.AppStore|iPhoneSimulator.Deploy.0 = Release|x64
		{9A351EC5-E196-4104-B057-9E4C9829B736}.AppStore|x64.ActiveCfg = Release|x64
		{9A351EC5-E196-4104-B057-9E4C9829B736}.AppStore|x64.Build.0 = Release|x64
		{9A351EC5-E196-4104-B057-9E4C9829B736}.AppStore|x64.Deploy.0 = Release|x64
		{9A351EC5-E196-4104-B057-9E4C9829B736}.AppStore|x86.ActiveCfg = Release|x86
		{9A351EC5-E196-4104-B057-9E4C9829B736}.AppStore|x86.Build.0 = Release|x86
		{9A351EC5-E196-4104-B057-9E4C9829B736}.AppStore|x86.Deploy.0 = Release|x86
		{9A351EC5-E196-4104-B057-9E4C9829B736}.Debug|Any CPU.ActiveCfg = Debug|x86
		{9A351EC5-E196-4104-B057-9E4C9829B736}.Debug|ARM.ActiveCfg = Debug|ARM
		{9A351EC5-E196-4104-B057-9E4C9829B736}.Debug|ARM.Build.0 = Debug|ARM
		{9A351EC5-E196-4104-B057-9E4C9829B736}.Debug|ARM.Deploy.0 = Debug|ARM
		{9A351EC5-E196-4104-B057-9E4C9829B736}.Debug|ARM64.ActiveCfg = Debug|ARM64
		{9A351EC5-E196-4104-B057-9E4C9829B736}.Debug|ARM64.Build.0 = Debug|ARM64
		{9A351EC5-E196-4104-B057-9E4C9829B736}.Debug|ARM64.Deploy.0 = Debug|ARM64
		{9A351EC5-E196-4104-B057-9E4C9829B736}.Debug|iPhone.ActiveCfg = Debug|x86
		{9A351EC5-E196-4104-B057-9E4C9829B736}.Debug|iPhoneSimulator.ActiveCfg = Debug|x86
		{9A351EC5-E196-4104-B057-9E4C9829B736}.Debug|x64.ActiveCfg = Debug|x64
		{9A351EC5-E196-4104-B057-9E4C9829B736}.Debug|x64.Build.0 = Debug|x64
		{9A351EC5-E196-4104-B057-9E4C9829B736}.Debug|x64.Deploy.0 = Debug|x64
		{9A351EC5-E196-4104-B057-9E4C9829B736}.Debug|x86.ActiveCfg = Debug|x86
		{9A351EC5-E196-4104-B057-9E4C9829B736}.Debug|x86.Build.0 = Debug|x86
		{9A351EC5-E196-4104-B057-9E4C9829B736}.Debug|x86.Deploy.0 = Debug|x86
		{9A351EC5-E196-4104-B057-9E4C9829B736}.Release|Any CPU.ActiveCfg = Release|x86
		{9A351EC5-E196-4104-B057-9E4C9829B736}.Release|ARM.ActiveCfg = Release|ARM
		{9A351EC5-E196-4104-B057-9E4C9829B736}.Release|ARM.Build.0 = Release|ARM
		{9A351EC5-E196-4104-B057-9E4C9829B736}.Release|ARM.Deploy.0 = Release|ARM
		{9A351EC5-E196-4104-B057-9E4C9829B736}.Release|ARM64.ActiveCfg = Release|ARM64
		{9A351EC5-E196-4104-B057-9E4C9829B736}.Release|ARM64.Build.0 = Release|ARM64
		{9A351EC5-E196-4104-B057-9E4C9829B736}.Release|ARM64.Deploy.0 = Release|ARM64
		{9A351EC5-E196-4104-B057-9E4C9829B736}.Release|iPhone.ActiveCfg = Release|x86
		{9A351EC5-E196-4104-B057-9E4C9829B736}.Release|iPhoneSimulator.ActiveCfg = Release|x86
		{9A351EC5-E196-4104-B057-9E4C9829B736}.Release|x64.ActiveCfg = Release|x64
		{9A351EC5-E196-4104-B057-9E4C9829B736}.Release|x64.Build.0 = Release|x64
		{9A351EC5-E196-4104-B057-9E4C9829B736}.Release|x64.Deploy.0 = Release|x64
		{9A351EC5-E196-4104-B057-9E4C9829B736}.Release|x86.ActiveCfg = Release|x86
		{9A351EC5-E196-4104-B057-9E4C9829B736}.Release|x86.Build.0 = Release|x86
		{9A351EC5-E196-4104-B057-9E4C9829B736}.Release|x86.Deploy.0 = Release|x86
	EndGlobalSection
	GlobalSection(SolutionProperties) = preSolution
		HideSolutionNode = FALSE
	EndGlobalSection
	GlobalSection(ExtensibilityGlobals) = postSolution
		SolutionGuid = {F6D05029-56B8-4E45-AF2D-0E76295DDBA2}
	EndGlobalSection
EndGlobal
